- type: entity
  parent: DoorElectronics
  id: DoorElectronicsTaipanAtmospherics
  suffix: Тайпан, Атмосферный, Закрыт
  components:
  - type: AccessReader
    access: [["TaipanAtmospherics"]]

- type: entity
  parent: DoorElectronics
  id: DoorElectronicsTaipanCargo
  suffix: Тайпан, Снабжение, Закрыт
  components:
  - type: AccessReader
    access: [["TaipanCargo"]]

- type: entity
  parent: DoorElectronics
  id: DoorElectronicsTaipanCommand
  suffix: Тайпан, Командный, Закрыт
  components:
  - type: AccessReader
    access: [["TaipanCommand"]]

- type: entity
  parent: DoorElectronics
  id: DoorElectronicsTaipanEngineering
  suffix: Тайпан, Инженерный, Закрыт
  components:
  - type: AccessReader
    access: [["TaipanEngineering"]]

- type: entity
  parent: DoorElectronics
  id: DoorElectronicsTaipanMaintenance
  suffix: Тайпан, Технический, Закрыт
  components:
  - type: AccessReader
    access: [["TaipanMaint"]]

- type: entity
  parent: DoorElectronics
  id: DoorElectronicsTaipanMedical
  suffix: Тайпан, Медицинский, Закрыт
  components:
  - type: AccessReader
    access: [["TaipanMedical"]]

- type: entity
  parent: DoorElectronics
  id: DoorElectronicsTaipanProtection
  suffix: Тайпан, Охрана, Закрыт
  components:
  - type: AccessReader
    access: [["TaipanProtection"]]

- type: entity
  parent: DoorElectronics
  id: DoorElectronicsTaipanResearchDirector
  suffix: Тайпан, Директор исследований, Закрыт
  components:
  - type: AccessReader
    access: [["TaipanResearchDirector"]]

- type: entity
  parent: DoorElectronics
  id: DoorElectronicsTaipanScience
  suffix: Тайпан, Научный, Закрыт
  components:
  - type: AccessReader
    access: [["TaipanScience"]]

- type: entity
  parent: DoorElectronics
  id: DoorElectronicsTaipanService
  suffix: Тайпан, Сервис, Закрыт
  components:
  - type: AccessReader
    access: [["TaipanService"]]

- type: entity
  parent: DoorElectronics
  id: DoorElectronicsTaipanTechnicalOperationsSupervisor
  suffix: Тайпан, Руководитель техобеспечения, Закрыт
  components:
  - type: AccessReader
    access: [["TaipanTechnicalOperationsSupervisor"]]